
Microsoft Visual Studio Solution File, Format Version 12.00
# Visual Studio Version 17
VisualStudioVersion = 17.9.34622.214
MinimumVisualStudioVersion = 10.0.40219.1
Project("{FAE04EC0-301F-11D3-BF4B-00C04F79EFBC}") = "SuperHeroAPI-DotNet8", "SuperHeroAPI-DotNet8\SuperHeroAPI-DotNet8.csproj", "{384AE2C0-6F87-430A-9E18-B26D746DBA13}"
EndProject
Global
	GlobalSection(SolutionConfigurationPlatforms) = preSolution
		Debug|Any CPU = Debug|Any CPU
		Release|Any CPU = Release|Any CPU
	EndGlobalSection
	GlobalSection(ProjectConfigurationPlatforms) = postSolution
		{384AE2C0-6F87-430A-9E18-B26D746DBA13}.Debug|Any CPU.ActiveCfg = Debug|Any CPU
		{384AE2C0-6F87-430A-9E18-B26D746DBA13}.Debug|Any CPU.Build.0 = Debug|Any CPU
		{384AE2C0-6F87-430A-9E18-B26D746DBA13}.Release|Any CPU.ActiveCfg = Release|Any CPU
		{384AE2C0-6F87-430A-9E18-B26D746DBA13}.Release|Any CPU.Build.0 = Release|Any CPU
	EndGlobalSection
	GlobalSection(SolutionProperties) = preSolution
		HideSolutionNode = FALSE
	EndGlobalSection
	GlobalSection(ExtensibilityGlobals) = postSolution
		SolutionGuid = {81D82239-24D5-4149-844A-25620AEC4205}
	EndGlobalSection
EndGlobal
